// !$*UTF8*$!
{
	archiveVersion = 1;
	classes = {
	};
	objectVersion = 46;
	objects = {

/* Begin PBXBuildFile section */
		CDDA27DD1CD53F8600B444EF /* AppDelegate.swift in Sources */ = {isa = PBXBuildFile; fileRef = CDDA27DC1CD53F8600B444EF /* AppDelegate.swift */; };
		CDDA27DF1CD53F8600B444EF /* ViewController.swift in Sources */ = {isa = PBXBuildFile; fileRef = CDDA27DE1CD53F8600B444EF /* ViewController.swift */; };
		CDDA27E21CD53F8600B444EF /* Main.storyboard in Resources */ = {isa = PBXBuildFile; fileRef = CDDA27E01CD53F8600B444EF /* Main.storyboard */; };
		CDDA27E41CD53F8600B444EF /* Assets.xcassets in Resources */ = {isa = PBXBuildFile; fileRef = CDDA27E31CD53F8600B444EF /* Assets.xcassets */; };
		CDDA27E71CD53F8600B444EF /* LaunchScreen.storyboard in Resources */ = {isa = PBXBuildFile; fileRef = CDDA27E51CD53F8600B444EF /* LaunchScreen.storyboard */; };
/* End PBXBuildFile section */

/* Begin PBXFileReference section */
		CDDA27D91CD53F8600B444EF /* Hola mundo.app */ = {isa = PBXFileReference; explicitFileType = wrapper.application; includeInIndex = 0; path = "Hola mundo.app"; sourceTree = BUILT_PRODUCTS_DIR; };
		CDDA27DC1CD53F8600B444EF /* AppDelegate.swift */ = {isa = PBXFileReference; lastKnownFileType = sourcecode.swift; path = AppDelegate.swift; sourceTree = "<group>"; };
		CDDA27DE1CD53F8600B444EF /* ViewController.swift */ = {isa = PBXFileReference; lastKnownFileType = sourcecode.swift; path = ViewController.swift; sourceTree = "<group>"; };
		CDDA27E11CD53F8600B444EF /* Base */ = {isa = PBXFileReference; lastKnownFileType = file.storyboard; name = Base; path = Base.lproj/Main.storyboard; sourceTree = "<group>"; };
		CDDA27E31CD53F8600B444EF /* Assets.xcassets */ = {isa = PBXFileReference; lastKnownFileType = folder.assetcatalog; path = Assets.xcassets; sourceTree = "<group>"; };
		CDDA27E61CD53F8600B444EF /* Base */ = {isa = PBXFileReference; lastKnownFileType = file.storyboard; name = Base; path = Base.lproj/LaunchScreen.storyboard; sourceTree = "<group>"; };
		CDDA27E81CD53F8600B444EF /* Info.plist */ = {isa = PBXFileReference; lastKnownFileType = text.plist.xml; path = Info.plist; sourceTree = "<group>"; };
/* End PBXFileReference section */

/* Begin PBXFrameworksBuildPhase section */
		CDDA27D61CD53F8600B444EF /* Frameworks */ = {
			isa = PBXFrameworksBuildPhase;
			buildActionMask = 2147483647;
			files = (
			);
			runOnlyForDeploymentPostprocessing = 0;
		};
/* End PBXFrameworksBuildPhase section */

/* Begin PBXGroup section */
		CDDA27D01CD53F8600B444EF = {
			isa = PBXGroup;
			children = (
				CDDA27DB1CD53F8600B444EF /* Hola mundo */,
				CDDA27DA1CD53F8600B444EF /* Products */,
			);
			sourceTree = "<group>";
		};
		CDDA27DA1CD53F8600B444EF /* Products */ = {
			isa = PBXGroup;
			children = (
				CDDA27D91CD53F8600B444EF /* Hola mundo.app */,
			);
			name = Products;
			sourceTree = "<group>";
		};
		CDDA27DB1CD53F8600B444EF /* Hola mundo */ = {
			isa = PBXGroup;
			children = (
				CDDA27DC1CD53F8600B444EF /* AppDelegate.swift */,
				CDDA27DE1CD53F8600B444EF /* ViewController.swift */,
				CDDA27E01CD53F8600B444EF /* Main.storyboard */,
				CDDA27E31CD53F8600B444EF /* Assets.xcassets */,
				CDDA27E51CD53F8600B444EF /* LaunchScreen.storyboard */,
				CDDA27E81CD53F8600B444EF /* Info.plist */,
			);
			path = "Hola mundo";
			sourceTree = "<group>";
		};
/* End PBXGroup section */

/* Begin PBXNativeTarget section */
		CDDA27D81CD53F8600B444EF /* Hola mundo */ = {
			isa = PBXNativeTarget;
			buildConfigurationList = CDDA27EB1CD53F8600B444EF /* Build configuration list for PBXNativeTarget "Hola mundo" */;
			buildPhases = (
				CDDA27D51CD53F8600B444EF /* Sources */,
				CDDA27D61CD53F8600B444EF /* Frameworks */,
				CDDA27D71CD53F8600B444EF /* Resources */,
			);
			buildRules = (
			);
			dependencies = (
			);
			name = "Hola mundo";
			productName = "Hola mundo";
			productReference = CDDA27D91CD53F8600B444EF /* Hola mundo.app */;
			productType = "com.apple.product-type.application";
		};
/* End PBXNativeTarget section */

/* Begin PBXProject section */
		CDDA27D11CD53F8600B444EF /* Project object */ = {
			isa = PBXProject;
			attributes = {
				LastSwiftUpdateCheck = 0730;
				LastUpgradeCheck = 0730;
				ORGANIZATIONNAME = "Alejandro Flores Lopez";
				TargetAttributes = {
					CDDA27D81CD53F8600B444EF = {
						CreatedOnToolsVersion = 7.3;
					};
				};
			};
			buildConfigurationList = CDDA27D41CD53F8600B444EF /* Build configuration list for PBXProject "Hola mundo" */;
			compatibilityVersion = "Xcode 3.2";
			developmentRegion = English;
			hasScannedForEncodings = 0;
			knownRegions = (
				en,
				Base,
			);
			mainGroup = CDDA27D01CD53F8600B444EF;
			productRefGroup = CDDA27DA1CD53F8600B444EF /* Products */;
			projectDirPath = "";
			projectRoot = "";
			targets = (
				CDDA27D81CD53F8600B444EF /* Hola mundo */,
			);
		};
/* End PBXProject section */

/* Begin PBXResourcesBuildPhase section */
		CDDA27D71CD53F8600B444EF /* Resources */ = {
			isa = PBXResourcesBuildPhase;
			buildActionMask = 2147483647;
			files = (
				CDDA27E71CD53F8600B444EF /* LaunchScreen.storyboard in Resources */,
				CDDA27E41CD53F8600B444EF /* Assets.xcassets in Resources */,
				CDDA27E21CD53F8600B444EF /* Main.storyboard in Resources */,
			);
			runOnlyForDeploymentPostprocessing = 0;
		};
/* End PBXResourcesBuildPhase section */

/* Begin PBXSourcesBuildPhase section */
		CDDA27D51CD53F8600B444EF /* Sources */ = {
			isa = PBXSourcesBuildPhase;
			buildActionMask = 2147483647;
			files = (
				CDDA27DF1CD53F8600B444EF /* ViewController.swift in Sources */,
				CDDA27DD1CD53F8600B444EF /* AppDelegate.swift in Sources */,
			);
			runOnlyForDeploymentPostprocessing = 0;
		};
/* End PBXSourcesBuildPhase section */

/* Begin PBXVariantGroup section */
		CDDA27E01CD53F8600B444EF /* Main.storyboard */ = {
			isa = PBXVariantGroup;
			children = (
				CDDA27E11CD53F8600B444EF /* Base */,
			);
			name = Main.storyboard;
			sourceTree = "<group>";
		};
		CDDA27E51CD53F8600B444EF /* LaunchScreen.storyboard */ = {
			isa = PBXVariantGroup;
			children = (
				CDDA27E61CD53F8600B444EF /* Base */,
			);
			name = LaunchScreen.storyboard;
			sourceTree = "<group>";
		};
/* End PBXVariantGroup section */

/* Begin XCBuildConfiguration section */
		CDDA27E91CD53F8600B444EF /* Debug */ = {
			isa = XCBuildConfiguration;
			buildSettings = {
				ALWAYS_SEARCH_USER_PATHS = NO;
				CLANG_ANALYZER_NONNULL = YES;
				CLANG_CXX_LANGUAGE_STANDARD = "gnu++0x";
				CLANG_CXX_LIBRARY = "libc++";
				CLANG_ENABLE_MODULES = YES;
				CLANG_ENABLE_OBJC_ARC = YES;
				CLANG_WARN_BOOL_CONVERSION = YES;
				CLANG_WARN_CONSTANT_CONVERSION = YES;
				CLANG_WARN_DIRECT_OBJC_ISA_USAGE = YES_ERROR;
				CLANG_WARN_EMPTY_BODY = YES;
				CLANG_WARN_ENUM_CONVERSION = YES;
				CLANG_WARN_INT_CONVERSION = YES;
				CLANG_WARN_OBJC_ROOT_CLASS = YES_ERROR;
				CLANG_WARN_UNREACHABLE_CODE = YES;
				CLANG_WARN__DUPLICATE_METHOD_MATCH = YES;
				"CODE_SIGN_IDENTITY[sdk=iphoneos*]" = "iPhone Developer";
				COPY_PHASE_STRIP = NO;
				DEBUG_INFORMATION_FORMAT = dwarf;
				ENABLE_STRICT_OBJC_MSGSEND = YES;
				ENABLE_TESTABILITY = YES;
				GCC_C_LANGUAGE_STANDARD = gnu99;
				GCC_DYNAMIC_NO_PIC = NO;
				GCC_NO_COMMON_BLOCKS = YES;
				GCC_OPTIMIZATION_LEVEL = 0;
				GCC_PREPROCESSOR_DEFINITIONS = (
					"DEBUG=1",
					"$(inherited)",
				);
				GCC_WARN_64_TO_32_BIT_CONVERSION = YES;
				GCC_WARN_ABOUT_RETURN_TYPE = YES_ERROR;
				GCC_WARN_UNDECLARED_SELECTOR = YES;
				GCC_WARN_UNINITIALIZED_AUTOS = YES_AGGRESSIVE;
				GCC_WARN_UNUSED_FUNCTION = YES;
				GCC_WARN_UNUSED_VARIABLE = YES;
				IPHONEOS_DEPLOYMENT_TARGET = 9.3;
				MTL_ENABLE_DEBUG_INFO = YES;
				ONLY_ACTIVE_ARCH = YES;
				SDKROOT = iphoneos;
				SWIFT_OPTIMIZATION_LEVEL = "-Onone";
			};
			name = Debug;
		};
		CDDA27EA1CD53F8600B444EF /* Release */ = {
			isa = XCBuildConfiguration;
			buildSettings = {
				ALWAYS_SEARCH_USER_PATHS = NO;
				CLANG_ANALYZER_NONNULL = YES;
				CLANG_CXX_LANGUAGE_STANDARD = "gnu++0x";
				CLANG_CXX_LIBRARY = "libc++";
				CLANG_ENABLE_MODULES = YES;
				CLANG_ENABLE_OBJC_ARC = YES;
				CLANG_WARN_BOOL_CONVERSION = YES;
				CLANG_WARN_CONSTANT_CONVERSION = YES;
				CLANG_WARN_DIRECT_OBJC_ISA_USAGE = YES_ERROR;
				CLANG_WARN_EMPTY_BODY = YES;
				CLANG_WARN_ENUM_CONVERSION = YES;
				CLANG_WARN_INT_CONVERSION = YES;
				CLANG_WARN_OBJC_ROOT_CLASS = YES_ERROR;
				CLANG_WARN_UNREACHABLE_CODE = YES;
				CLANG_WARN__DUPLICATE_METHOD_MATCH = YES;
				"CODE_SIGN_IDENTITY[sdk=iphoneos*]" = "iPhone Developer";
				COPY_PHASE_STRIP = NO;
				DEBUG_INFORMATION_FORMAT = "dwarf-with-dsym";
				ENABLE_NS_ASSERTIONS = NO;
				ENABLE_STRICT_OBJC_MSGSEND = YES;
				GCC_C_LANGUAGE_STANDARD = gnu99;
				GCC_NO_COMMON_BLOCKS = YES;
				GCC_WARN_64_TO_32_BIT_CONVERSION = YES;
				GCC_WARN_ABOUT_RETURN_TYPE = YES_ERROR;
				GCC_WARN_UNDECLARED_SELECTOR = YES;
				GCC_WARN_UNINITIALIZED_AUTOS = YES_AGGRESSIVE;
				GCC_WARN_UNUSED_FUNCTION = YES;
				GCC_WARN_UNUSED_VARIABLE = YES;
				IPHONEOS_DEPLOYMENT_TARGET = 9.3;
				MTL_ENABLE_DEBUG_INFO = NO;
				SDKROOT = iphoneos;
				VALIDATE_PRODUCT = YES;
			};
			name = Release;
		};
		CDDA27EC1CD53F8600B444EF /* Debug */ = {
			isa = XCBuildConfiguration;
			buildSettings = {
				ASSETCATALOG_COMPILER_APPICON_NAME = AppIcon;
				INFOPLIST_FILE = "Hola mundo/Info.plist";
				LD_RUNPATH_SEARCH_PATHS = "$(inherited) @executable_path/Frameworks";
				PRODUCT_BUNDLE_IDENTIFIER = "mx.wdd.iosdeveloper.Hola-mundo";
				PRODUCT_NAME = "$(TARGET_NAME)";
			};
			name = Debug;
		};
		CDDA27ED1CD53F8600B444EF /* Release */ = {
			isa = XCBuildConfiguration;
			buildSettings = {
				ASSETCATALOG_COMPILER_APPICON_NAME = AppIcon;
				INFOPLIST_FILE = "Hola mundo/Info.plist";
				LD_RUNPATH_SEARCH_PATHS = "$(inherited) @executable_path/Frameworks";
				PRODUCT_BUNDLE_IDENTIFIER = "mx.wdd.iosdeveloper.Hola-mundo";
				PRODUCT_NAME = "$(TARGET_NAME)";
			};
			name = Release;
		};
/* End XCBuildConfiguration section */

/* Begin XCConfigurationList section */
		CDDA27D41CD53F8600B444EF /* Build configuration list for PBXProject "Hola mundo" */ = {
			isa = XCConfigurationList;
			buildConfigurations = (
				CDDA27E91CD53F8600B444EF /* Debug */,
				CDDA27EA1CD53F8600B444EF /* Release */,
			);
			defaultConfigurationIsVisible = 0;
			defaultConfigurationName = Release;
		};
		CDDA27EB1CD53F8600B444EF /* Build configuration list for PBXNativeTarget "Hola mundo" */ = {
			isa = XCConfigurationList;
			buildConfigurations = (
				CDDA27EC1CD53F8600B444EF /* Debug */,
				CDDA27ED1CD53F8600B444EF /* Release */,
			);
			defaultConfigurationIsVisible = 0;
		};
/* End XCConfigurationList section */
	};
	rootObject = CDDA27D11CD53F8600B444EF /* Project object */;
}
